
Microsoft Visual Studio Solution File, Format Version 12.00
# Visual Studio Version 17
VisualStudioVersion = 17.8.34511.84
MinimumVisualStudioVersion = 10.0.40219.1
Project("{9A19103F-16F7-4668-BE54-9A1E7A4F7556}") = "Excel", "Excel\Excel.csproj", "{0E7EB93F-A362-449E-94A6-52109350B234}"
EndProject
Project("{9A19103F-16F7-4668-BE54-9A1E7A4F7556}") = "SMS", "SMS\SMS.csproj", "{BB10D640-BF6C-4216-951C-45704401A884}"
EndProject
Project("{9A19103F-16F7-4668-BE54-9A1E7A4F7556}") = "Client", "Client\Client.csproj", "{9271ED5C-9CB0-446F-87F0-99546C469647}"
EndProject
Project("{FAE04EC0-301F-11D3-BF4B-00C04F79EFBC}") = "HangfireApp", "Hangfire\HangfireApp.csproj", "{A429D398-4311-4718-9B01-51FA26280BAA}"
EndProject
Global
	GlobalSection(SolutionConfigurationPlatforms) = preSolution
		Debug|Any CPU = Debug|Any CPU
		Release|Any CPU = Release|Any CPU
	EndGlobalSection
	GlobalSection(ProjectConfigurationPlatforms) = postSolution
		{0E7EB93F-A362-449E-94A6-52109350B234}.Debug|Any CPU.ActiveCfg = Debug|Any CPU
		{0E7EB93F-A362-449E-94A6-52109350B234}.Debug|Any CPU.Build.0 = Debug|Any CPU
		{0E7EB93F-A362-449E-94A6-52109350B234}.Release|Any CPU.ActiveCfg = Release|Any CPU
		{0E7EB93F-A362-449E-94A6-52109350B234}.Release|Any CPU.Build.0 = Release|Any CPU
		{BB10D640-BF6C-4216-951C-45704401A884}.Debug|Any CPU.ActiveCfg = Debug|Any CPU
		{BB10D640-BF6C-4216-951C-45704401A884}.Debug|Any CPU.Build.0 = Debug|Any CPU
		{BB10D640-BF6C-4216-951C-45704401A884}.Release|Any CPU.ActiveCfg = Release|Any CPU
		{BB10D640-BF6C-4216-951C-45704401A884}.Release|Any CPU.Build.0 = Release|Any CPU
		{9271ED5C-9CB0-446F-87F0-99546C469647}.Debug|Any CPU.ActiveCfg = Debug|Any CPU
		{9271ED5C-9CB0-446F-87F0-99546C469647}.Debug|Any CPU.Build.0 = Debug|Any CPU
		{9271ED5C-9CB0-446F-87F0-99546C469647}.Release|Any CPU.ActiveCfg = Release|Any CPU
		{9271ED5C-9CB0-446F-87F0-99546C469647}.Release|Any CPU.Build.0 = Release|Any CPU
		{A429D398-4311-4718-9B01-51FA26280BAA}.Debug|Any CPU.ActiveCfg = Debug|Any CPU
		{A429D398-4311-4718-9B01-51FA26280BAA}.Debug|Any CPU.Build.0 = Debug|Any CPU
		{A429D398-4311-4718-9B01-51FA26280BAA}.Release|Any CPU.ActiveCfg = Release|Any CPU
		{A429D398-4311-4718-9B01-51FA26280BAA}.Release|Any CPU.Build.0 = Release|Any CPU
	EndGlobalSection
	GlobalSection(SolutionProperties) = preSolution
		HideSolutionNode = FALSE
	EndGlobalSection
	GlobalSection(ExtensibilityGlobals) = postSolution
		SolutionGuid = {6E2178AC-E0DA-4CC4-B8B3-BD98E04D44FF}
	EndGlobalSection
EndGlobal
